// !$*UTF8*$!
{
	archiveVersion = 1;
	classes = {
	};
	objectVersion = 56;
	objects = {

/* Begin PBXBuildFile section */
		BA04F0AD2B73503E00875F9D /* HomePageViewController.swift in Sources */ = {isa = PBXBuildFile; fileRef = BA04F0AC2B73503E00875F9D /* HomePageViewController.swift */; };
		BA04F0AF2B73565500875F9D /* successViewController.swift in Sources */ = {isa = PBXBuildFile; fileRef = BA04F0AE2B73565500875F9D /* successViewController.swift */; };
		BAA1E8062B72121D00A5EEFF /* AppDelegate.swift in Sources */ = {isa = PBXBuildFile; fileRef = BAA1E8052B72121D00A5EEFF /* AppDelegate.swift */; };
		BAA1E8082B72121D00A5EEFF /* SceneDelegate.swift in Sources */ = {isa = PBXBuildFile; fileRef = BAA1E8072B72121D00A5EEFF /* SceneDelegate.swift */; };
		BAA1E80A2B72121D00A5EEFF /* ViewController.swift in Sources */ = {isa = PBXBuildFile; fileRef = BAA1E8092B72121D00A5EEFF /* ViewController.swift */; };
		BAA1E80D2B72121D00A5EEFF /* Main.storyboard in Resources */ = {isa = PBXBuildFile; fileRef = BAA1E80B2B72121D00A5EEFF /* Main.storyboard */; };
		BAA1E80F2B72121E00A5EEFF /* Assets.xcassets in Resources */ = {isa = PBXBuildFile; fileRef = BAA1E80E2B72121E00A5EEFF /* Assets.xcassets */; };
		BAA1E8122B72121E00A5EEFF /* LaunchScreen.storyboard in Resources */ = {isa = PBXBuildFile; fileRef = BAA1E8102B72121E00A5EEFF /* LaunchScreen.storyboard */; };
		BAA1E81A2B72162D00A5EEFF /* SignUpButtonViewController.swift in Sources */ = {isa = PBXBuildFile; fileRef = BAA1E8192B72162D00A5EEFF /* SignUpButtonViewController.swift */; };
		BAA1E81C2B7216B400A5EEFF /* LoginPageViewController.swift in Sources */ = {isa = PBXBuildFile; fileRef = BAA1E81B2B7216B400A5EEFF /* LoginPageViewController.swift */; };
		BAA1E81E2B72179900A5EEFF /* WelcomeLoginPageViewController.swift in Sources */ = {isa = PBXBuildFile; fileRef = BAA1E81D2B72179900A5EEFF /* WelcomeLoginPageViewController.swift */; };
/* End PBXBuildFile section */

/* Begin PBXFileReference section */
		BA04F0AC2B73503E00875F9D /* HomePageViewController.swift */ = {isa = PBXFileReference; lastKnownFileType = sourcecode.swift; path = HomePageViewController.swift; sourceTree = "<group>"; };
		BA04F0AE2B73565500875F9D /* successViewController.swift */ = {isa = PBXFileReference; lastKnownFileType = sourcecode.swift; path = successViewController.swift; sourceTree = "<group>"; };
		BAA1E8022B72121D00A5EEFF /* Vet-Guard App.app */ = {isa = PBXFileReference; explicitFileType = wrapper.application; includeInIndex = 0; path = "Vet-Guard App.app"; sourceTree = BUILT_PRODUCTS_DIR; };
		BAA1E8052B72121D00A5EEFF /* AppDelegate.swift */ = {isa = PBXFileReference; lastKnownFileType = sourcecode.swift; path = AppDelegate.swift; sourceTree = "<group>"; };
		BAA1E8072B72121D00A5EEFF /* SceneDelegate.swift */ = {isa = PBXFileReference; lastKnownFileType = sourcecode.swift; path = SceneDelegate.swift; sourceTree = "<group>"; };
		BAA1E8092B72121D00A5EEFF /* ViewController.swift */ = {isa = PBXFileReference; lastKnownFileType = sourcecode.swift; path = ViewController.swift; sourceTree = "<group>"; };
		BAA1E80C2B72121D00A5EEFF /* Base */ = {isa = PBXFileReference; lastKnownFileType = file.storyboard; name = Base; path = Base.lproj/Main.storyboard; sourceTree = "<group>"; };
		BAA1E80E2B72121E00A5EEFF /* Assets.xcassets */ = {isa = PBXFileReference; lastKnownFileType = folder.assetcatalog; path = Assets.xcassets; sourceTree = "<group>"; };
		BAA1E8112B72121E00A5EEFF /* Base */ = {isa = PBXFileReference; lastKnownFileType = file.storyboard; name = Base; path = Base.lproj/LaunchScreen.storyboard; sourceTree = "<group>"; };
		BAA1E8132B72121E00A5EEFF /* Info.plist */ = {isa = PBXFileReference; lastKnownFileType = text.plist.xml; path = Info.plist; sourceTree = "<group>"; };
		BAA1E8192B72162D00A5EEFF /* SignUpButtonViewController.swift */ = {isa = PBXFileReference; lastKnownFileType = sourcecode.swift; path = SignUpButtonViewController.swift; sourceTree = "<group>"; };
		BAA1E81B2B7216B400A5EEFF /* LoginPageViewController.swift */ = {isa = PBXFileReference; lastKnownFileType = sourcecode.swift; path = LoginPageViewController.swift; sourceTree = "<group>"; };
		BAA1E81D2B72179900A5EEFF /* WelcomeLoginPageViewController.swift */ = {isa = PBXFileReference; lastKnownFileType = sourcecode.swift; path = WelcomeLoginPageViewController.swift; sourceTree = "<group>"; };
/* End PBXFileReference section */

/* Begin PBXFrameworksBuildPhase section */
		BAA1E7FF2B72121D00A5EEFF /* Frameworks */ = {
			isa = PBXFrameworksBuildPhase;
			buildActionMask = 2147483647;
			files = (
			);
			runOnlyForDeploymentPostprocessing = 0;
		};
/* End PBXFrameworksBuildPhase section */

/* Begin PBXGroup section */
		BAA1E7F92B72121D00A5EEFF = {
			isa = PBXGroup;
			children = (
				BAA1E8042B72121D00A5EEFF /* Vet-Guard App */,
				BAA1E8032B72121D00A5EEFF /* Products */,
			);
			sourceTree = "<group>";
		};
		BAA1E8032B72121D00A5EEFF /* Products */ = {
			isa = PBXGroup;
			children = (
				BAA1E8022B72121D00A5EEFF /* Vet-Guard App.app */,
			);
			name = Products;
			sourceTree = "<group>";
		};
		BAA1E8042B72121D00A5EEFF /* Vet-Guard App */ = {
			isa = PBXGroup;
			children = (
				BAA1E8052B72121D00A5EEFF /* AppDelegate.swift */,
				BAA1E8072B72121D00A5EEFF /* SceneDelegate.swift */,
				BA04F0AC2B73503E00875F9D /* HomePageViewController.swift */,
				BAA1E8092B72121D00A5EEFF /* ViewController.swift */,
				BAA1E80B2B72121D00A5EEFF /* Main.storyboard */,
				BA04F0AE2B73565500875F9D /* successViewController.swift */,
				BAA1E81D2B72179900A5EEFF /* WelcomeLoginPageViewController.swift */,
				BAA1E81B2B7216B400A5EEFF /* LoginPageViewController.swift */,
				BAA1E8192B72162D00A5EEFF /* SignUpButtonViewController.swift */,
				BAA1E80E2B72121E00A5EEFF /* Assets.xcassets */,
				BAA1E8102B72121E00A5EEFF /* LaunchScreen.storyboard */,
				BAA1E8132B72121E00A5EEFF /* Info.plist */,
			);
			path = "Vet-Guard App";
			sourceTree = "<group>";
		};
/* End PBXGroup section */

/* Begin PBXNativeTarget section */
		BAA1E8012B72121D00A5EEFF /* Vet-Guard App */ = {
			isa = PBXNativeTarget;
			buildConfigurationList = BAA1E8162B72121E00A5EEFF /* Build configuration list for PBXNativeTarget "Vet-Guard App" */;
			buildPhases = (
				BAA1E7FE2B72121D00A5EEFF /* Sources */,
				BAA1E7FF2B72121D00A5EEFF /* Frameworks */,
				BAA1E8002B72121D00A5EEFF /* Resources */,
			);
			buildRules = (
			);
			dependencies = (
			);
			name = "Vet-Guard App";
			productName = "Vet-Guard App";
			productReference = BAA1E8022B72121D00A5EEFF /* Vet-Guard App.app */;
			productType = "com.apple.product-type.application";
		};
/* End PBXNativeTarget section */

/* Begin PBXProject section */
		BAA1E7FA2B72121D00A5EEFF /* Project object */ = {
			isa = PBXProject;
			attributes = {
				BuildIndependentTargetsInParallel = 1;
				LastSwiftUpdateCheck = 1430;
				LastUpgradeCheck = 1430;
				TargetAttributes = {
					BAA1E8012B72121D00A5EEFF = {
						CreatedOnToolsVersion = 14.3.1;
					};
				};
			};
			buildConfigurationList = BAA1E7FD2B72121D00A5EEFF /* Build configuration list for PBXProject "Vet-Guard App" */;
			compatibilityVersion = "Xcode 14.0";
			developmentRegion = en;
			hasScannedForEncodings = 0;
			knownRegions = (
				en,
				Base,
			);
			mainGroup = BAA1E7F92B72121D00A5EEFF;
			productRefGroup = BAA1E8032B72121D00A5EEFF /* Products */;
			projectDirPath = "";
			projectRoot = "";
			targets = (
				BAA1E8012B72121D00A5EEFF /* Vet-Guard App */,
			);
		};
/* End PBXProject section */

/* Begin PBXResourcesBuildPhase section */
		BAA1E8002B72121D00A5EEFF /* Resources */ = {
			isa = PBXResourcesBuildPhase;
			buildActionMask = 2147483647;
			files = (
				BAA1E8122B72121E00A5EEFF /* LaunchScreen.storyboard in Resources */,
				BAA1E80F2B72121E00A5EEFF /* Assets.xcassets in Resources */,
				BAA1E80D2B72121D00A5EEFF /* Main.storyboard in Resources */,
			);
			runOnlyForDeploymentPostprocessing = 0;
		};
/* End PBXResourcesBuildPhase section */

/* Begin PBXSourcesBuildPhase section */
		BAA1E7FE2B72121D00A5EEFF /* Sources */ = {
			isa = PBXSourcesBuildPhase;
			buildActionMask = 2147483647;
			files = (
				BAA1E81A2B72162D00A5EEFF /* SignUpButtonViewController.swift in Sources */,
				BA04F0AD2B73503E00875F9D /* HomePageViewController.swift in Sources */,
				BAA1E80A2B72121D00A5EEFF /* ViewController.swift in Sources */,
				BAA1E81E2B72179900A5EEFF /* WelcomeLoginPageViewController.swift in Sources */,
				BAA1E8062B72121D00A5EEFF /* AppDelegate.swift in Sources */,
				BAA1E81C2B7216B400A5EEFF /* LoginPageViewController.swift in Sources */,
				BA04F0AF2B73565500875F9D /* successViewController.swift in Sources */,
				BAA1E8082B72121D00A5EEFF /* SceneDelegate.swift in Sources */,
			);
			runOnlyForDeploymentPostprocessing = 0;
		};
/* End PBXSourcesBuildPhase section */

/* Begin PBXVariantGroup section */
		BAA1E80B2B72121D00A5EEFF /* Main.storyboard */ = {
			isa = PBXVariantGroup;
			children = (
				BAA1E80C2B72121D00A5EEFF /* Base */,
			);
			name = Main.storyboard;
			sourceTree = "<group>";
		};
		BAA1E8102B72121E00A5EEFF /* LaunchScreen.storyboard */ = {
			isa = PBXVariantGroup;
			children = (
				BAA1E8112B72121E00A5EEFF /* Base */,
			);
			name = LaunchScreen.storyboard;
			sourceTree = "<group>";
		};
/* End PBXVariantGroup section */

/* Begin XCBuildConfiguration section */
		BAA1E8142B72121E00A5EEFF /* Debug */ = {
			isa = XCBuildConfiguration;
			buildSettings = {
				ALWAYS_SEARCH_USER_PATHS = NO;
				CLANG_ANALYZER_NONNULL = YES;
				CLANG_ANALYZER_NUMBER_OBJECT_CONVERSION = YES_AGGRESSIVE;
				CLANG_CXX_LANGUAGE_STANDARD = "gnu++20";
				CLANG_ENABLE_MODULES = YES;
				CLANG_ENABLE_OBJC_ARC = YES;
				CLANG_ENABLE_OBJC_WEAK = YES;
				CLANG_WARN_BLOCK_CAPTURE_AUTORELEASING = YES;
				CLANG_WARN_BOOL_CONVERSION = YES;
				CLANG_WARN_COMMA = YES;
				CLANG_WARN_CONSTANT_CONVERSION = YES;
				CLANG_WARN_DEPRECATED_OBJC_IMPLEMENTATIONS = YES;
				CLANG_WARN_DIRECT_OBJC_ISA_USAGE = YES_ERROR;
				CLANG_WARN_DOCUMENTATION_COMMENTS = YES;
				CLANG_WARN_EMPTY_BODY = YES;
				CLANG_WARN_ENUM_CONVERSION = YES;
				CLANG_WARN_INFINITE_RECURSION = YES;
				CLANG_WARN_INT_CONVERSION = YES;
				CLANG_WARN_NON_LITERAL_NULL_CONVERSION = YES;
				CLANG_WARN_OBJC_IMPLICIT_RETAIN_SELF = YES;
				CLANG_WARN_OBJC_LITERAL_CONVERSION = YES;
				CLANG_WARN_OBJC_ROOT_CLASS = YES_ERROR;
				CLANG_WARN_QUOTED_INCLUDE_IN_FRAMEWORK_HEADER = YES;
				CLANG_WARN_RANGE_LOOP_ANALYSIS = YES;
				CLANG_WARN_STRICT_PROTOTYPES = YES;
				CLANG_WARN_SUSPICIOUS_MOVE = YES;
				CLANG_WARN_UNGUARDED_AVAILABILITY = YES_AGGRESSIVE;
				CLANG_WARN_UNREACHABLE_CODE = YES;
				CLANG_WARN__DUPLICATE_METHOD_MATCH = YES;
				COPY_PHASE_STRIP = NO;
				DEBUG_INFORMATION_FORMAT = dwarf;
				ENABLE_STRICT_OBJC_MSGSEND = YES;
				ENABLE_TESTABILITY = YES;
				GCC_C_LANGUAGE_STANDARD = gnu11;
				GCC_DYNAMIC_NO_PIC = NO;
				GCC_NO_COMMON_BLOCKS = YES;
				GCC_OPTIMIZATION_LEVEL = 0;
				GCC_PREPROCESSOR_DEFINITIONS = (
					"DEBUG=1",
					"$(inherited)",
				);
				GCC_WARN_64_TO_32_BIT_CONVERSION = YES;
				GCC_WARN_ABOUT_RETURN_TYPE = YES_ERROR;
				GCC_WARN_UNDECLARED_SELECTOR = YES;
				GCC_WARN_UNINITIALIZED_AUTOS = YES_AGGRESSIVE;
				GCC_WARN_UNUSED_FUNCTION = YES;
				GCC_WARN_UNUSED_VARIABLE = YES;
				IPHONEOS_DEPLOYMENT_TARGET = 16.4;
				MTL_ENABLE_DEBUG_INFO = INCLUDE_SOURCE;
				MTL_FAST_MATH = YES;
				ONLY_ACTIVE_ARCH = YES;
				SDKROOT = iphoneos;
				SWIFT_ACTIVE_COMPILATION_CONDITIONS = DEBUG;
				SWIFT_OPTIMIZATION_LEVEL = "-Onone";
			};
			name = Debug;
		};
		BAA1E8152B72121E00A5EEFF /* Release */ = {
			isa = XCBuildConfiguration;
			buildSettings = {
				ALWAYS_SEARCH_USER_PATHS = NO;
				CLANG_ANALYZER_NONNULL = YES;
				CLANG_ANALYZER_NUMBER_OBJECT_CONVERSION = YES_AGGRESSIVE;
				CLANG_CXX_LANGUAGE_STANDARD = "gnu++20";
				CLANG_ENABLE_MODULES = YES;
				CLANG_ENABLE_OBJC_ARC = YES;
				CLANG_ENABLE_OBJC_WEAK = YES;
				CLANG_WARN_BLOCK_CAPTURE_AUTORELEASING = YES;
				CLANG_WARN_BOOL_CONVERSION = YES;
				CLANG_WARN_COMMA = YES;
				CLANG_WARN_CONSTANT_CONVERSION = YES;
				CLANG_WARN_DEPRECATED_OBJC_IMPLEMENTATIONS = YES;
				CLANG_WARN_DIRECT_OBJC_ISA_USAGE = YES_ERROR;
				CLANG_WARN_DOCUMENTATION_COMMENTS = YES;
				CLANG_WARN_EMPTY_BODY = YES;
				CLANG_WARN_ENUM_CONVERSION = YES;
				CLANG_WARN_INFINITE_RECURSION = YES;
				CLANG_WARN_INT_CONVERSION = YES;
				CLANG_WARN_NON_LITERAL_NULL_CONVERSION = YES;
				CLANG_WARN_OBJC_IMPLICIT_RETAIN_SELF = YES;
				CLANG_WARN_OBJC_LITERAL_CONVERSION = YES;
				CLANG_WARN_OBJC_ROOT_CLASS = YES_ERROR;
				CLANG_WARN_QUOTED_INCLUDE_IN_FRAMEWORK_HEADER = YES;
				CLANG_WARN_RANGE_LOOP_ANALYSIS = YES;
				CLANG_WARN_STRICT_PROTOTYPES = YES;
				CLANG_WARN_SUSPICIOUS_MOVE = YES;
				CLANG_WARN_UNGUARDED_AVAILABILITY = YES_AGGRESSIVE;
				CLANG_WARN_UNREACHABLE_CODE = YES;
				CLANG_WARN__DUPLICATE_METHOD_MATCH = YES;
				COPY_PHASE_STRIP = NO;
				DEBUG_INFORMATION_FORMAT = "dwarf-with-dsym";
				ENABLE_NS_ASSERTIONS = NO;
				ENABLE_STRICT_OBJC_MSGSEND = YES;
				GCC_C_LANGUAGE_STANDARD = gnu11;
				GCC_NO_COMMON_BLOCKS = YES;
				GCC_WARN_64_TO_32_BIT_CONVERSION = YES;
				GCC_WARN_ABOUT_RETURN_TYPE = YES_ERROR;
				GCC_WARN_UNDECLARED_SELECTOR = YES;
				GCC_WARN_UNINITIALIZED_AUTOS = YES_AGGRESSIVE;
				GCC_WARN_UNUSED_FUNCTION = YES;
				GCC_WARN_UNUSED_VARIABLE = YES;
				IPHONEOS_DEPLOYMENT_TARGET = 16.4;
				MTL_ENABLE_DEBUG_INFO = NO;
				MTL_FAST_MATH = YES;
				SDKROOT = iphoneos;
				SWIFT_COMPILATION_MODE = wholemodule;
				SWIFT_OPTIMIZATION_LEVEL = "-O";
				VALIDATE_PRODUCT = YES;
			};
			name = Release;
		};
		BAA1E8172B72121E00A5EEFF /* Debug */ = {
			isa = XCBuildConfiguration;
			buildSettings = {
				ASSETCATALOG_COMPILER_APPICON_NAME = AppIcon;
				ASSETCATALOG_COMPILER_GLOBAL_ACCENT_COLOR_NAME = AccentColor;
				CODE_SIGN_STYLE = Automatic;
				CURRENT_PROJECT_VERSION = 1;
				GENERATE_INFOPLIST_FILE = YES;
				INFOPLIST_FILE = "Vet-Guard App/Info.plist";
				INFOPLIST_KEY_UIApplicationSupportsIndirectInputEvents = YES;
				INFOPLIST_KEY_UILaunchStoryboardName = LaunchScreen;
				INFOPLIST_KEY_UIMainStoryboardFile = Main;
				INFOPLIST_KEY_UISupportedInterfaceOrientations_iPad = "UIInterfaceOrientationPortrait UIInterfaceOrientationPortraitUpsideDown UIInterfaceOrientationLandscapeLeft UIInterfaceOrientationLandscapeRight";
				INFOPLIST_KEY_UISupportedInterfaceOrientations_iPhone = "UIInterfaceOrientationPortrait UIInterfaceOrientationLandscapeLeft UIInterfaceOrientationLandscapeRight";
				LD_RUNPATH_SEARCH_PATHS = (
					"$(inherited)",
					"@executable_path/Frameworks",
				);
				MARKETING_VERSION = 1.0;
				PRODUCT_BUNDLE_IDENTIFIER = "SwiftUI.Vet-Guard-App";
				PRODUCT_NAME = "$(TARGET_NAME)";
				SWIFT_EMIT_LOC_STRINGS = YES;
				SWIFT_VERSION = 5.0;
				TARGETED_DEVICE_FAMILY = "1,2";
			};
			name = Debug;
		};
		BAA1E8182B72121E00A5EEFF /* Release */ = {
			isa = XCBuildConfiguration;
			buildSettings = {
				ASSETCATALOG_COMPILER_APPICON_NAME = AppIcon;
				ASSETCATALOG_COMPILER_GLOBAL_ACCENT_COLOR_NAME = AccentColor;
				CODE_SIGN_STYLE = Automatic;
				CURRENT_PROJECT_VERSION = 1;
				GENERATE_INFOPLIST_FILE = YES;
				INFOPLIST_FILE = "Vet-Guard App/Info.plist";
				INFOPLIST_KEY_UIApplicationSupportsIndirectInputEvents = YES;
				INFOPLIST_KEY_UILaunchStoryboardName = LaunchScreen;
				INFOPLIST_KEY_UIMainStoryboardFile = Main;
				INFOPLIST_KEY_UISupportedInterfaceOrientations_iPad = "UIInterfaceOrientationPortrait UIInterfaceOrientationPortraitUpsideDown UIInterfaceOrientationLandscapeLeft UIInterfaceOrientationLandscapeRight";
				INFOPLIST_KEY_UISupportedInterfaceOrientations_iPhone = "UIInterfaceOrientationPortrait UIInterfaceOrientationLandscapeLeft UIInterfaceOrientationLandscapeRight";
				LD_RUNPATH_SEARCH_PATHS = (
					"$(inherited)",
					"@executable_path/Frameworks",
				);
				MARKETING_VERSION = 1.0;
				PRODUCT_BUNDLE_IDENTIFIER = "SwiftUI.Vet-Guard-App";
				PRODUCT_NAME = "$(TARGET_NAME)";
				SWIFT_EMIT_LOC_STRINGS = YES;
				SWIFT_VERSION = 5.0;
				TARGETED_DEVICE_FAMILY = "1,2";
			};
			name = Release;
		};
/* End XCBuildConfiguration section */

/* Begin XCConfigurationList section */
		BAA1E7FD2B72121D00A5EEFF /* Build configuration list for PBXProject "Vet-Guard App" */ = {
			isa = XCConfigurationList;
			buildConfigurations = (
				BAA1E8142B72121E00A5EEFF /* Debug */,
				BAA1E8152B72121E00A5EEFF /* Release */,
			);
			defaultConfigurationIsVisible = 0;
			defaultConfigurationName = Release;
		};
		BAA1E8162B72121E00A5EEFF /* Build configuration list for PBXNativeTarget "Vet-Guard App" */ = {
			isa = XCConfigurationList;
			buildConfigurations = (
				BAA1E8172B72121E00A5EEFF /* Debug */,
				BAA1E8182B72121E00A5EEFF /* Release */,
			);
			defaultConfigurationIsVisible = 0;
			defaultConfigurationName = Release;
		};
/* End XCConfigurationList section */
	};
	rootObject = BAA1E7FA2B72121D00A5EEFF /* Project object */;
}
